{
    "hash": "a9f7a918980af6a445f2a3903fd963c2",
    "packages": [
        {
            "package": "composer/installers",
            "version": "dev-silverstripe",
            "source-reference": "8e5f68d9e05ceebec8ce3a1701492114589bc0f9",
            "commit-date": "1344389675"
        },
        {
            "package": "monolog/monolog",
            "version": "dev-feature/object-formatter",
            "source-reference": "4c5fdd337425f8e8d3f69525467b93f4b896a4e6",
            "commit-date": "1344393635"
        },
        {
            "package": "symfony/config",
            "version": "v2.0.16"
        },
        {
            "package": "symfony/dependency-injection",
            "version": "v2.0.16"
        },
        {
            "package": "symfony/event-dispatcher",
            "version": "v2.0.16"
        },
        {
            "package": "symfony/yaml",
            "version": "v2.0.16"
        }
    ],
    "packages-dev": null,
    "aliases": [

    ],
    "minimum-stability": "dev",
    "stability-flags": {
        "composer/installers": 20,
        "monolog/monolog": 20
    }
}
